// !$*UTF8*$!
{
	archiveVersion = 1;
	classes = {
	};
	objectVersion = 50;
	objects = {

/* Begin PBXBuildFile section */
		3C21ACDE218F2B250098E3DF /* AppDelegate.m in Sources */ = {isa = PBXBuildFile; fileRef = 3C21ACDD218F2B250098E3DF /* AppDelegate.m */; };
		3C21ACE1218F2B250098E3DF /* ViewController.m in Sources */ = {isa = PBXBuildFile; fileRef = 3C21ACE0218F2B250098E3DF /* ViewController.m */; };
		3C21ACE4218F2B250098E3DF /* Main.storyboard in Resources */ = {isa = PBXBuildFile; fileRef = 3C21ACE2218F2B250098E3DF /* Main.storyboard */; };
		3C21ACE6218F2B260098E3DF /* Assets.xcassets in Resources */ = {isa = PBXBuildFile; fileRef = 3C21ACE5218F2B260098E3DF /* Assets.xcassets */; };
		3C21ACE9218F2B260098E3DF /* LaunchScreen.storyboard in Resources */ = {isa = PBXBuildFile; fileRef = 3C21ACE7218F2B260098E3DF /* LaunchScreen.storyboard */; };
		3C21ACEC218F2B260098E3DF /* main.m in Sources */ = {isa = PBXBuildFile; fileRef = 3C21ACEB218F2B260098E3DF /* main.m */; };
		3C21ACF6218F2B260098E3DF /* UISegmentControl___Tests.m in Sources */ = {isa = PBXBuildFile; fileRef = 3C21ACF5218F2B260098E3DF /* UISegmentControl___Tests.m */; };
		3C21AD01218F2B260098E3DF /* UISegmentControl___UITests.m in Sources */ = {isa = PBXBuildFile; fileRef = 3C21AD00218F2B260098E3DF /* UISegmentControl___UITests.m */; };
		3C21AD10218F2BC50098E3DF /* purple.png in Resources */ = {isa = PBXBuildFile; fileRef = 3C21AD0E218F2BC50098E3DF /* purple.png */; };
		3C21AD11218F2BC50098E3DF /* red.png in Resources */ = {isa = PBXBuildFile; fileRef = 3C21AD0F218F2BC50098E3DF /* red.png */; };
/* End PBXBuildFile section */

/* Begin PBXContainerItemProxy section */
		3C21ACF2218F2B260098E3DF /* PBXContainerItemProxy */ = {
			isa = PBXContainerItemProxy;
			containerPortal = 3C21ACD1218F2B250098E3DF /* Project object */;
			proxyType = 1;
			remoteGlobalIDString = 3C21ACD8218F2B250098E3DF;
			remoteInfo = "UISegmentControl的使用";
		};
		3C21ACFD218F2B260098E3DF /* PBXContainerItemProxy */ = {
			isa = PBXContainerItemProxy;
			containerPortal = 3C21ACD1218F2B250098E3DF /* Project object */;
			proxyType = 1;
			remoteGlobalIDString = 3C21ACD8218F2B250098E3DF;
			remoteInfo = "UISegmentControl的使用";
		};
/* End PBXContainerItemProxy section */

/* Begin PBXFileReference section */
		3C21ACD9218F2B250098E3DF /* UISegmentControl的使用.app */ = {isa = PBXFileReference; explicitFileType = wrapper.application; includeInIndex = 0; path = "UISegmentControl的使用.app"; sourceTree = BUILT_PRODUCTS_DIR; };
		3C21ACDC218F2B250098E3DF /* AppDelegate.h */ = {isa = PBXFileReference; lastKnownFileType = sourcecode.c.h; path = AppDelegate.h; sourceTree = "<group>"; };
		3C21ACDD218F2B250098E3DF /* AppDelegate.m */ = {isa = PBXFileReference; lastKnownFileType = sourcecode.c.objc; path = AppDelegate.m; sourceTree = "<group>"; };
		3C21ACDF218F2B250098E3DF /* ViewController.h */ = {isa = PBXFileReference; lastKnownFileType = sourcecode.c.h; path = ViewController.h; sourceTree = "<group>"; };
		3C21ACE0218F2B250098E3DF /* ViewController.m */ = {isa = PBXFileReference; lastKnownFileType = sourcecode.c.objc; path = ViewController.m; sourceTree = "<group>"; };
		3C21ACE3218F2B250098E3DF /* Base */ = {isa = PBXFileReference; lastKnownFileType = file.storyboard; name = Base; path = Base.lproj/Main.storyboard; sourceTree = "<group>"; };
		3C21ACE5218F2B260098E3DF /* Assets.xcassets */ = {isa = PBXFileReference; lastKnownFileType = folder.assetcatalog; path = Assets.xcassets; sourceTree = "<group>"; };
		3C21ACE8218F2B260098E3DF /* Base */ = {isa = PBXFileReference; lastKnownFileType = file.storyboard; name = Base; path = Base.lproj/LaunchScreen.storyboard; sourceTree = "<group>"; };
		3C21ACEA218F2B260098E3DF /* Info.plist */ = {isa = PBXFileReference; lastKnownFileType = text.plist.xml; path = Info.plist; sourceTree = "<group>"; };
		3C21ACEB218F2B260098E3DF /* main.m */ = {isa = PBXFileReference; lastKnownFileType = sourcecode.c.objc; path = main.m; sourceTree = "<group>"; };
		3C21ACF1218F2B260098E3DF /* UISegmentControl的使用Tests.xctest */ = {isa = PBXFileReference; explicitFileType = wrapper.cfbundle; includeInIndex = 0; path = "UISegmentControl的使用Tests.xctest"; sourceTree = BUILT_PRODUCTS_DIR; };
		3C21ACF5218F2B260098E3DF /* UISegmentControl___Tests.m */ = {isa = PBXFileReference; lastKnownFileType = sourcecode.c.objc; path = "UISegmentControl___Tests.m"; sourceTree = "<group>"; };
		3C21ACF7218F2B260098E3DF /* Info.plist */ = {isa = PBXFileReference; lastKnownFileType = text.plist.xml; path = Info.plist; sourceTree = "<group>"; };
		3C21ACFC218F2B260098E3DF /* UISegmentControl的使用UITests.xctest */ = {isa = PBXFileReference; explicitFileType = wrapper.cfbundle; includeInIndex = 0; path = "UISegmentControl的使用UITests.xctest"; sourceTree = BUILT_PRODUCTS_DIR; };
		3C21AD00218F2B260098E3DF /* UISegmentControl___UITests.m */ = {isa = PBXFileReference; lastKnownFileType = sourcecode.c.objc; path = "UISegmentControl___UITests.m"; sourceTree = "<group>"; };
		3C21AD02218F2B260098E3DF /* Info.plist */ = {isa = PBXFileReference; lastKnownFileType = text.plist.xml; path = Info.plist; sourceTree = "<group>"; };
		3C21AD0E218F2BC50098E3DF /* purple.png */ = {isa = PBXFileReference; lastKnownFileType = image.png; path = purple.png; sourceTree = "<group>"; };
		3C21AD0F218F2BC50098E3DF /* red.png */ = {isa = PBXFileReference; lastKnownFileType = image.png; path = red.png; sourceTree = "<group>"; };
/* End PBXFileReference section */

/* Begin PBXFrameworksBuildPhase section */
		3C21ACD6218F2B250098E3DF /* Frameworks */ = {
			isa = PBXFrameworksBuildPhase;
			buildActionMask = 2147483647;
			files = (
			);
			runOnlyForDeploymentPostprocessing = 0;
		};
		3C21ACEE218F2B260098E3DF /* Frameworks */ = {
			isa = PBXFrameworksBuildPhase;
			buildActionMask = 2147483647;
			files = (
			);
			runOnlyForDeploymentPostprocessing = 0;
		};
		3C21ACF9218F2B260098E3DF /* Frameworks */ = {
			isa = PBXFrameworksBuildPhase;
			buildActionMask = 2147483647;
			files = (
			);
			runOnlyForDeploymentPostprocessing = 0;
		};
/* End PBXFrameworksBuildPhase section */

/* Begin PBXGroup section */
		3C21ACD0218F2B250098E3DF = {
			isa = PBXGroup;
			children = (
				3C21ACDB218F2B250098E3DF /* UISegmentControl的使用 */,
				3C21ACF4218F2B260098E3DF /* UISegmentControl的使用Tests */,
				3C21ACFF218F2B260098E3DF /* UISegmentControl的使用UITests */,
				3C21ACDA218F2B250098E3DF /* Products */,
			);
			sourceTree = "<group>";
		};
		3C21ACDA218F2B250098E3DF /* Products */ = {
			isa = PBXGroup;
			children = (
				3C21ACD9218F2B250098E3DF /* UISegmentControl的使用.app */,
				3C21ACF1218F2B260098E3DF /* UISegmentControl的使用Tests.xctest */,
				3C21ACFC218F2B260098E3DF /* UISegmentControl的使用UITests.xctest */,
			);
			name = Products;
			sourceTree = "<group>";
		};
		3C21ACDB218F2B250098E3DF /* UISegmentControl的使用 */ = {
			isa = PBXGroup;
			children = (
				3C21AD0E218F2BC50098E3DF /* purple.png */,
				3C21AD0F218F2BC50098E3DF /* red.png */,
				3C21ACDC218F2B250098E3DF /* AppDelegate.h */,
				3C21ACDD218F2B250098E3DF /* AppDelegate.m */,
				3C21ACDF218F2B250098E3DF /* ViewController.h */,
				3C21ACE0218F2B250098E3DF /* ViewController.m */,
				3C21ACE2218F2B250098E3DF /* Main.storyboard */,
				3C21ACE5218F2B260098E3DF /* Assets.xcassets */,
				3C21ACE7218F2B260098E3DF /* LaunchScreen.storyboard */,
				3C21ACEA218F2B260098E3DF /* Info.plist */,
				3C21ACEB218F2B260098E3DF /* main.m */,
			);
			path = "UISegmentControl的使用";
			sourceTree = "<group>";
		};
		3C21ACF4218F2B260098E3DF /* UISegmentControl的使用Tests */ = {
			isa = PBXGroup;
			children = (
				3C21ACF5218F2B260098E3DF /* UISegmentControl___Tests.m */,
				3C21ACF7218F2B260098E3DF /* Info.plist */,
			);
			path = "UISegmentControl的使用Tests";
			sourceTree = "<group>";
		};
		3C21ACFF218F2B260098E3DF /* UISegmentControl的使用UITests */ = {
			isa = PBXGroup;
			children = (
				3C21AD00218F2B260098E3DF /* UISegmentControl___UITests.m */,
				3C21AD02218F2B260098E3DF /* Info.plist */,
			);
			path = "UISegmentControl的使用UITests";
			sourceTree = "<group>";
		};
/* End PBXGroup section */

/* Begin PBXNativeTarget section */
		3C21ACD8218F2B250098E3DF /* UISegmentControl的使用 */ = {
			isa = PBXNativeTarget;
			buildConfigurationList = 3C21AD05218F2B260098E3DF /* Build configuration list for PBXNativeTarget "UISegmentControl的使用" */;
			buildPhases = (
				3C21ACD5218F2B250098E3DF /* Sources */,
				3C21ACD6218F2B250098E3DF /* Frameworks */,
				3C21ACD7218F2B250098E3DF /* Resources */,
			);
			buildRules = (
			);
			dependencies = (
			);
			name = "UISegmentControl的使用";
			productName = "UISegmentControl的使用";
			productReference = 3C21ACD9218F2B250098E3DF /* UISegmentControl的使用.app */;
			productType = "com.apple.product-type.application";
		};
		3C21ACF0218F2B260098E3DF /* UISegmentControl的使用Tests */ = {
			isa = PBXNativeTarget;
			buildConfigurationList = 3C21AD08218F2B260098E3DF /* Build configuration list for PBXNativeTarget "UISegmentControl的使用Tests" */;
			buildPhases = (
				3C21ACED218F2B260098E3DF /* Sources */,
				3C21ACEE218F2B260098E3DF /* Frameworks */,
				3C21ACEF218F2B260098E3DF /* Resources */,
			);
			buildRules = (
			);
			dependencies = (
				3C21ACF3218F2B260098E3DF /* PBXTargetDependency */,
			);
			name = "UISegmentControl的使用Tests";
			productName = "UISegmentControl的使用Tests";
			productReference = 3C21ACF1218F2B260098E3DF /* UISegmentControl的使用Tests.xctest */;
			productType = "com.apple.product-type.bundle.unit-test";
		};
		3C21ACFB218F2B260098E3DF /* UISegmentControl的使用UITests */ = {
			isa = PBXNativeTarget;
			buildConfigurationList = 3C21AD0B218F2B260098E3DF /* Build configuration list for PBXNativeTarget "UISegmentControl的使用UITests" */;
			buildPhases = (
				3C21ACF8218F2B260098E3DF /* Sources */,
				3C21ACF9218F2B260098E3DF /* Frameworks */,
				3C21ACFA218F2B260098E3DF /* Resources */,
			);
			buildRules = (
			);
			dependencies = (
				3C21ACFE218F2B260098E3DF /* PBXTargetDependency */,
			);
			name = "UISegmentControl的使用UITests";
			productName = "UISegmentControl的使用UITests";
			productReference = 3C21ACFC218F2B260098E3DF /* UISegmentControl的使用UITests.xctest */;
			productType = "com.apple.product-type.bundle.ui-testing";
		};
/* End PBXNativeTarget section */

/* Begin PBXProject section */
		3C21ACD1218F2B250098E3DF /* Project object */ = {
			isa = PBXProject;
			attributes = {
				LastUpgradeCheck = 1010;
				ORGANIZATIONNAME = ABC;
				TargetAttributes = {
					3C21ACD8218F2B250098E3DF = {
						CreatedOnToolsVersion = 10.1;
					};
					3C21ACF0218F2B260098E3DF = {
						CreatedOnToolsVersion = 10.1;
						TestTargetID = 3C21ACD8218F2B250098E3DF;
					};
					3C21ACFB218F2B260098E3DF = {
						CreatedOnToolsVersion = 10.1;
						TestTargetID = 3C21ACD8218F2B250098E3DF;
					};
				};
			};
			buildConfigurationList = 3C21ACD4218F2B250098E3DF /* Build configuration list for PBXProject "UISegmentControl的使用" */;
			compatibilityVersion = "Xcode 9.3";
			developmentRegion = en;
			hasScannedForEncodings = 0;
			knownRegions = (
				en,
				Base,
			);
			mainGroup = 3C21ACD0218F2B250098E3DF;
			productRefGroup = 3C21ACDA218F2B250098E3DF /* Products */;
			projectDirPath = "";
			projectRoot = "";
			targets = (
				3C21ACD8218F2B250098E3DF /* UISegmentControl的使用 */,
				3C21ACF0218F2B260098E3DF /* UISegmentControl的使用Tests */,
				3C21ACFB218F2B260098E3DF /* UISegmentControl的使用UITests */,
			);
		};
/* End PBXProject section */

/* Begin PBXResourcesBuildPhase section */
		3C21ACD7218F2B250098E3DF /* Resources */ = {
			isa = PBXResourcesBuildPhase;
			buildActionMask = 2147483647;
			files = (
				3C21ACE9218F2B260098E3DF /* LaunchScreen.storyboard in Resources */,
				3C21AD10218F2BC50098E3DF /* purple.png in Resources */,
				3C21ACE6218F2B260098E3DF /* Assets.xcassets in Resources */,
				3C21AD11218F2BC50098E3DF /* red.png in Resources */,
				3C21ACE4218F2B250098E3DF /* Main.storyboard in Resources */,
			);
			runOnlyForDeploymentPostprocessing = 0;
		};
		3C21ACEF218F2B260098E3DF /* Resources */ = {
			isa = PBXResourcesBuildPhase;
			buildActionMask = 2147483647;
			files = (
			);
			runOnlyForDeploymentPostprocessing = 0;
		};
		3C21ACFA218F2B260098E3DF /* Resources */ = {
			isa = PBXResourcesBuildPhase;
			buildActionMask = 2147483647;
			files = (
			);
			runOnlyForDeploymentPostprocessing = 0;
		};
/* End PBXResourcesBuildPhase section */

/* Begin PBXSourcesBuildPhase section */
		3C21ACD5218F2B250098E3DF /* Sources */ = {
			isa = PBXSourcesBuildPhase;
			buildActionMask = 2147483647;
			files = (
				3C21ACE1218F2B250098E3DF /* ViewController.m in Sources */,
				3C21ACEC218F2B260098E3DF /* main.m in Sources */,
				3C21ACDE218F2B250098E3DF /* AppDelegate.m in Sources */,
			);
			runOnlyForDeploymentPostprocessing = 0;
		};
		3C21ACED218F2B260098E3DF /* Sources */ = {
			isa = PBXSourcesBuildPhase;
			buildActionMask = 2147483647;
			files = (
				3C21ACF6218F2B260098E3DF /* UISegmentControl___Tests.m in Sources */,
			);
			runOnlyForDeploymentPostprocessing = 0;
		};
		3C21ACF8218F2B260098E3DF /* Sources */ = {
			isa = PBXSourcesBuildPhase;
			buildActionMask = 2147483647;
			files = (
				3C21AD01218F2B260098E3DF /* UISegmentControl___UITests.m in Sources */,
			);
			runOnlyForDeploymentPostprocessing = 0;
		};
/* End PBXSourcesBuildPhase section */

/* Begin PBXTargetDependency section */
		3C21ACF3218F2B260098E3DF /* PBXTargetDependency */ = {
			isa = PBXTargetDependency;
			target = 3C21ACD8218F2B250098E3DF /* UISegmentControl的使用 */;
			targetProxy = 3C21ACF2218F2B260098E3DF /* PBXContainerItemProxy */;
		};
		3C21ACFE218F2B260098E3DF /* PBXTargetDependency */ = {
			isa = PBXTargetDependency;
			target = 3C21ACD8218F2B250098E3DF /* UISegmentControl的使用 */;
			targetProxy = 3C21ACFD218F2B260098E3DF /* PBXContainerItemProxy */;
		};
/* End PBXTargetDependency section */

/* Begin PBXVariantGroup section */
		3C21ACE2218F2B250098E3DF /* Main.storyboard */ = {
			isa = PBXVariantGroup;
			children = (
				3C21ACE3218F2B250098E3DF /* Base */,
			);
			name = Main.storyboard;
			sourceTree = "<group>";
		};
		3C21ACE7218F2B260098E3DF /* LaunchScreen.storyboard */ = {
			isa = PBXVariantGroup;
			children = (
				3C21ACE8218F2B260098E3DF /* Base */,
			);
			name = LaunchScreen.storyboard;
			sourceTree = "<group>";
		};
/* End PBXVariantGroup section */

/* Begin XCBuildConfiguration section */
		3C21AD03218F2B260098E3DF /* Debug */ = {
			isa = XCBuildConfiguration;
			buildSettings = {
				ALWAYS_SEARCH_USER_PATHS = NO;
				CLANG_ANALYZER_NONNULL = YES;
				CLANG_ANALYZER_NUMBER_OBJECT_CONVERSION = YES_AGGRESSIVE;
				CLANG_CXX_LANGUAGE_STANDARD = "gnu++14";
				CLANG_CXX_LIBRARY = "libc++";
				CLANG_ENABLE_MODULES = YES;
				CLANG_ENABLE_OBJC_ARC = YES;
				CLANG_ENABLE_OBJC_WEAK = YES;
				CLANG_WARN_BLOCK_CAPTURE_AUTORELEASING = YES;
				CLANG_WARN_BOOL_CONVERSION = YES;
				CLANG_WARN_COMMA = YES;
				CLANG_WARN_CONSTANT_CONVERSION = YES;
				CLANG_WARN_DEPRECATED_OBJC_IMPLEMENTATIONS = YES;
				CLANG_WARN_DIRECT_OBJC_ISA_USAGE = YES_ERROR;
				CLANG_WARN_DOCUMENTATION_COMMENTS = YES;
				CLANG_WARN_EMPTY_BODY = YES;
				CLANG_WARN_ENUM_CONVERSION = YES;
				CLANG_WARN_INFINITE_RECURSION = YES;
				CLANG_WARN_INT_CONVERSION = YES;
				CLANG_WARN_NON_LITERAL_NULL_CONVERSION = YES;
				CLANG_WARN_OBJC_IMPLICIT_RETAIN_SELF = YES;
				CLANG_WARN_OBJC_LITERAL_CONVERSION = YES;
				CLANG_WARN_OBJC_ROOT_CLASS = YES_ERROR;
				CLANG_WARN_RANGE_LOOP_ANALYSIS = YES;
				CLANG_WARN_STRICT_PROTOTYPES = YES;
				CLANG_WARN_SUSPICIOUS_MOVE = YES;
				CLANG_WARN_UNGUARDED_AVAILABILITY = YES_AGGRESSIVE;
				CLANG_WARN_UNREACHABLE_CODE = YES;
				CLANG_WARN__DUPLICATE_METHOD_MATCH = YES;
				CODE_SIGN_IDENTITY = "iPhone Developer";
				COPY_PHASE_STRIP = NO;
				DEBUG_INFORMATION_FORMAT = dwarf;
				ENABLE_STRICT_OBJC_MSGSEND = YES;
				ENABLE_TESTABILITY = YES;
				GCC_C_LANGUAGE_STANDARD = gnu11;
				GCC_DYNAMIC_NO_PIC = NO;
				GCC_NO_COMMON_BLOCKS = YES;
				GCC_OPTIMIZATION_LEVEL = 0;
				GCC_PREPROCESSOR_DEFINITIONS = (
					"DEBUG=1",
					"$(inherited)",
				);
				GCC_WARN_64_TO_32_BIT_CONVERSION = YES;
				GCC_WARN_ABOUT_RETURN_TYPE = YES_ERROR;
				GCC_WARN_UNDECLARED_SELECTOR = YES;
				GCC_WARN_UNINITIALIZED_AUTOS = YES_AGGRESSIVE;
				GCC_WARN_UNUSED_FUNCTION = YES;
				GCC_WARN_UNUSED_VARIABLE = YES;
				IPHONEOS_DEPLOYMENT_TARGET = 12.1;
				MTL_ENABLE_DEBUG_INFO = INCLUDE_SOURCE;
				MTL_FAST_MATH = YES;
				ONLY_ACTIVE_ARCH = YES;
				SDKROOT = iphoneos;
			};
			name = Debug;
		};
		3C21AD04218F2B260098E3DF /* Release */ = {
			isa = XCBuildConfiguration;
			buildSettings = {
				ALWAYS_SEARCH_USER_PATHS = NO;
				CLANG_ANALYZER_NONNULL = YES;
				CLANG_ANALYZER_NUMBER_OBJECT_CONVERSION = YES_AGGRESSIVE;
				CLANG_CXX_LANGUAGE_STANDARD = "gnu++14";
				CLANG_CXX_LIBRARY = "libc++";
				CLANG_ENABLE_MODULES = YES;
				CLANG_ENABLE_OBJC_ARC = YES;
				CLANG_ENABLE_OBJC_WEAK = YES;
				CLANG_WARN_BLOCK_CAPTURE_AUTORELEASING = YES;
				CLANG_WARN_BOOL_CONVERSION = YES;
				CLANG_WARN_COMMA = YES;
				CLANG_WARN_CONSTANT_CONVERSION = YES;
				CLANG_WARN_DEPRECATED_OBJC_IMPLEMENTATIONS = YES;
				CLANG_WARN_DIRECT_OBJC_ISA_USAGE = YES_ERROR;
				CLANG_WARN_DOCUMENTATION_COMMENTS = YES;
				CLANG_WARN_EMPTY_BODY = YES;
				CLANG_WARN_ENUM_CONVERSION = YES;
				CLANG_WARN_INFINITE_RECURSION = YES;
				CLANG_WARN_INT_CONVERSION = YES;
				CLANG_WARN_NON_LITERAL_NULL_CONVERSION = YES;
				CLANG_WARN_OBJC_IMPLICIT_RETAIN_SELF = YES;
				CLANG_WARN_OBJC_LITERAL_CONVERSION = YES;
				CLANG_WARN_OBJC_ROOT_CLASS = YES_ERROR;
				CLANG_WARN_RANGE_LOOP_ANALYSIS = YES;
				CLANG_WARN_STRICT_PROTOTYPES = YES;
				CLANG_WARN_SUSPICIOUS_MOVE = YES;
				CLANG_WARN_UNGUARDED_AVAILABILITY = YES_AGGRESSIVE;
				CLANG_WARN_UNREACHABLE_CODE = YES;
				CLANG_WARN__DUPLICATE_METHOD_MATCH = YES;
				CODE_SIGN_IDENTITY = "iPhone Developer";
				COPY_PHASE_STRIP = NO;
				DEBUG_INFORMATION_FORMAT = "dwarf-with-dsym";
				ENABLE_NS_ASSERTIONS = NO;
				ENABLE_STRICT_OBJC_MSGSEND = YES;
				GCC_C_LANGUAGE_STANDARD = gnu11;
				GCC_NO_COMMON_BLOCKS = YES;
				GCC_WARN_64_TO_32_BIT_CONVERSION = YES;
				GCC_WARN_ABOUT_RETURN_TYPE = YES_ERROR;
				GCC_WARN_UNDECLARED_SELECTOR = YES;
				GCC_WARN_UNINITIALIZED_AUTOS = YES_AGGRESSIVE;
				GCC_WARN_UNUSED_FUNCTION = YES;
				GCC_WARN_UNUSED_VARIABLE = YES;
				IPHONEOS_DEPLOYMENT_TARGET = 12.1;
				MTL_ENABLE_DEBUG_INFO = NO;
				MTL_FAST_MATH = YES;
				SDKROOT = iphoneos;
				VALIDATE_PRODUCT = YES;
			};
			name = Release;
		};
		3C21AD06218F2B260098E3DF /* Debug */ = {
			isa = XCBuildConfiguration;
			buildSettings = {
				ASSETCATALOG_COMPILER_APPICON_NAME = AppIcon;
				CODE_SIGN_STYLE = Automatic;
				INFOPLIST_FILE = "UISegmentControl的使用/Info.plist";
				LD_RUNPATH_SEARCH_PATHS = (
					"$(inherited)",
					"@executable_path/Frameworks",
				);
				PRODUCT_BUNDLE_IDENTIFIER = "cn.edu.abc.UISegmentControl---";
				PRODUCT_NAME = "$(TARGET_NAME)";
				TARGETED_DEVICE_FAMILY = "1,2";
			};
			name = Debug;
		};
		3C21AD07218F2B260098E3DF /* Release */ = {
			isa = XCBuildConfiguration;
			buildSettings = {
				ASSETCATALOG_COMPILER_APPICON_NAME = AppIcon;
				CODE_SIGN_STYLE = Automatic;
				INFOPLIST_FILE = "UISegmentControl的使用/Info.plist";
				LD_RUNPATH_SEARCH_PATHS = (
					"$(inherited)",
					"@executable_path/Frameworks",
				);
				PRODUCT_BUNDLE_IDENTIFIER = "cn.edu.abc.UISegmentControl---";
				PRODUCT_NAME = "$(TARGET_NAME)";
				TARGETED_DEVICE_FAMILY = "1,2";
			};
			name = Release;
		};
		3C21AD09218F2B260098E3DF /* Debug */ = {
			isa = XCBuildConfiguration;
			buildSettings = {
				BUNDLE_LOADER = "$(TEST_HOST)";
				CODE_SIGN_STYLE = Automatic;
				INFOPLIST_FILE = "UISegmentControl的使用Tests/Info.plist";
				LD_RUNPATH_SEARCH_PATHS = (
					"$(inherited)",
					"@executable_path/Frameworks",
					"@loader_path/Frameworks",
				);
				PRODUCT_BUNDLE_IDENTIFIER = "cn.edu.abc.UISegmentControl---Tests";
				PRODUCT_NAME = "$(TARGET_NAME)";
				TARGETED_DEVICE_FAMILY = "1,2";
				TEST_HOST = "$(BUILT_PRODUCTS_DIR)/UISegmentControl的使用.app/UISegmentControl的使用";
			};
			name = Debug;
		};
		3C21AD0A218F2B260098E3DF /* Release */ = {
			isa = XCBuildConfiguration;
			buildSettings = {
				BUNDLE_LOADER = "$(TEST_HOST)";
				CODE_SIGN_STYLE = Automatic;
				INFOPLIST_FILE = "UISegmentControl的使用Tests/Info.plist";
				LD_RUNPATH_SEARCH_PATHS = (
					"$(inherited)",
					"@executable_path/Frameworks",
					"@loader_path/Frameworks",
				);
				PRODUCT_BUNDLE_IDENTIFIER = "cn.edu.abc.UISegmentControl---Tests";
				PRODUCT_NAME = "$(TARGET_NAME)";
				TARGETED_DEVICE_FAMILY = "1,2";
				TEST_HOST = "$(BUILT_PRODUCTS_DIR)/UISegmentControl的使用.app/UISegmentControl的使用";
			};
			name = Release;
		};
		3C21AD0C218F2B260098E3DF /* Debug */ = {
			isa = XCBuildConfiguration;
			buildSettings = {
				CODE_SIGN_STYLE = Automatic;
				INFOPLIST_FILE = "UISegmentControl的使用UITests/Info.plist";
				LD_RUNPATH_SEARCH_PATHS = (
					"$(inherited)",
					"@executable_path/Frameworks",
					"@loader_path/Frameworks",
				);
				PRODUCT_BUNDLE_IDENTIFIER = "cn.edu.abc.UISegmentControl---UITests";
				PRODUCT_NAME = "$(TARGET_NAME)";
				TARGETED_DEVICE_FAMILY = "1,2";
				TEST_TARGET_NAME = "UISegmentControl的使用";
			};
			name = Debug;
		};
		3C21AD0D218F2B260098E3DF /* Release */ = {
			isa = XCBuildConfiguration;
			buildSettings = {
				CODE_SIGN_STYLE = Automatic;
				INFOPLIST_FILE = "UISegmentControl的使用UITests/Info.plist";
				LD_RUNPATH_SEARCH_PATHS = (
					"$(inherited)",
					"@executable_path/Frameworks",
					"@loader_path/Frameworks",
				);
				PRODUCT_BUNDLE_IDENTIFIER = "cn.edu.abc.UISegmentControl---UITests";
				PRODUCT_NAME = "$(TARGET_NAME)";
				TARGETED_DEVICE_FAMILY = "1,2";
				TEST_TARGET_NAME = "UISegmentControl的使用";
			};
			name = Release;
		};
/* End XCBuildConfiguration section */

/* Begin XCConfigurationList section */
		3C21ACD4218F2B250098E3DF /* Build configuration list for PBXProject "UISegmentControl的使用" */ = {
			isa = XCConfigurationList;
			buildConfigurations = (
				3C21AD03218F2B260098E3DF /* Debug */,
				3C21AD04218F2B260098E3DF /* Release */,
			);
			defaultConfigurationIsVisible = 0;
			defaultConfigurationName = Release;
		};
		3C21AD05218F2B260098E3DF /* Build configuration list for PBXNativeTarget "UISegmentControl的使用" */ = {
			isa = XCConfigurationList;
			buildConfigurations = (
				3C21AD06218F2B260098E3DF /* Debug */,
				3C21AD07218F2B260098E3DF /* Release */,
			);
			defaultConfigurationIsVisible = 0;
			defaultConfigurationName = Release;
		};
		3C21AD08218F2B260098E3DF /* Build configuration list for PBXNativeTarget "UISegmentControl的使用Tests" */ = {
			isa = XCConfigurationList;
			buildConfigurations = (
				3C21AD09218F2B260098E3DF /* Debug */,
				3C21AD0A218F2B260098E3DF /* Release */,
			);
			defaultConfigurationIsVisible = 0;
			defaultConfigurationName = Release;
		};
		3C21AD0B218F2B260098E3DF /* Build configuration list for PBXNativeTarget "UISegmentControl的使用UITests" */ = {
			isa = XCConfigurationList;
			buildConfigurations = (
				3C21AD0C218F2B260098E3DF /* Debug */,
				3C21AD0D218F2B260098E3DF /* Release */,
			);
			defaultConfigurationIsVisible = 0;
			defaultConfigurationName = Release;
		};
/* End XCConfigurationList section */
	};
	rootObject = 3C21ACD1218F2B250098E3DF /* Project object */;
}
