// !$*UTF8*$!
{
	archiveVersion = 1;
	classes = {
	};
	objectVersion = 50;
	objects = {

/* Begin PBXBuildFile section */
		3CFB1EF121C7DE2000D036B8 /* AppDelegate.m in Sources */ = {isa = PBXBuildFile; fileRef = 3CFB1EF021C7DE2000D036B8 /* AppDelegate.m */; };
		3CFB1EF421C7DE2000D036B8 /* ViewController.m in Sources */ = {isa = PBXBuildFile; fileRef = 3CFB1EF321C7DE2000D036B8 /* ViewController.m */; };
		3CFB1EF721C7DE2000D036B8 /* Main.storyboard in Resources */ = {isa = PBXBuildFile; fileRef = 3CFB1EF521C7DE2000D036B8 /* Main.storyboard */; };
		3CFB1EF921C7DE2100D036B8 /* Assets.xcassets in Resources */ = {isa = PBXBuildFile; fileRef = 3CFB1EF821C7DE2100D036B8 /* Assets.xcassets */; };
		3CFB1EFC21C7DE2100D036B8 /* LaunchScreen.storyboard in Resources */ = {isa = PBXBuildFile; fileRef = 3CFB1EFA21C7DE2100D036B8 /* LaunchScreen.storyboard */; };
		3CFB1EFF21C7DE2100D036B8 /* main.m in Sources */ = {isa = PBXBuildFile; fileRef = 3CFB1EFE21C7DE2100D036B8 /* main.m */; };
		3CFB1F0921C7DE2100D036B8 /* SQLite_____Tests.m in Sources */ = {isa = PBXBuildFile; fileRef = 3CFB1F0821C7DE2100D036B8 /* SQLite_____Tests.m */; };
		3CFB1F1421C7DE2100D036B8 /* SQLite_____UITests.m in Sources */ = {isa = PBXBuildFile; fileRef = 3CFB1F1321C7DE2100D036B8 /* SQLite_____UITests.m */; };
		3CFB1F2321C7DE6000D036B8 /* libsqlite3.tbd in Frameworks */ = {isa = PBXBuildFile; fileRef = 3CFB1F2221C7DE6000D036B8 /* libsqlite3.tbd */; };
		3CFB1F2621C7DFF100D036B8 /* DBTools.m in Sources */ = {isa = PBXBuildFile; fileRef = 3CFB1F2521C7DFF100D036B8 /* DBTools.m */; };
		3CFB1F2921C7E00B00D036B8 /* Person.m in Sources */ = {isa = PBXBuildFile; fileRef = 3CFB1F2821C7E00B00D036B8 /* Person.m */; };
/* End PBXBuildFile section */

/* Begin PBXContainerItemProxy section */
		3CFB1F0521C7DE2100D036B8 /* PBXContainerItemProxy */ = {
			isa = PBXContainerItemProxy;
			containerPortal = 3CFB1EE421C7DE2000D036B8 /* Project object */;
			proxyType = 1;
			remoteGlobalIDString = 3CFB1EEB21C7DE2000D036B8;
			remoteInfo = "SQLite数据库操作";
		};
		3CFB1F1021C7DE2100D036B8 /* PBXContainerItemProxy */ = {
			isa = PBXContainerItemProxy;
			containerPortal = 3CFB1EE421C7DE2000D036B8 /* Project object */;
			proxyType = 1;
			remoteGlobalIDString = 3CFB1EEB21C7DE2000D036B8;
			remoteInfo = "SQLite数据库操作";
		};
/* End PBXContainerItemProxy section */

/* Begin PBXFileReference section */
		3CFB1EEC21C7DE2000D036B8 /* SQLite数据库操作.app */ = {isa = PBXFileReference; explicitFileType = wrapper.application; includeInIndex = 0; path = "SQLite数据库操作.app"; sourceTree = BUILT_PRODUCTS_DIR; };
		3CFB1EEF21C7DE2000D036B8 /* AppDelegate.h */ = {isa = PBXFileReference; lastKnownFileType = sourcecode.c.h; path = AppDelegate.h; sourceTree = "<group>"; };
		3CFB1EF021C7DE2000D036B8 /* AppDelegate.m */ = {isa = PBXFileReference; lastKnownFileType = sourcecode.c.objc; path = AppDelegate.m; sourceTree = "<group>"; };
		3CFB1EF221C7DE2000D036B8 /* ViewController.h */ = {isa = PBXFileReference; lastKnownFileType = sourcecode.c.h; path = ViewController.h; sourceTree = "<group>"; };
		3CFB1EF321C7DE2000D036B8 /* ViewController.m */ = {isa = PBXFileReference; lastKnownFileType = sourcecode.c.objc; path = ViewController.m; sourceTree = "<group>"; };
		3CFB1EF621C7DE2000D036B8 /* Base */ = {isa = PBXFileReference; lastKnownFileType = file.storyboard; name = Base; path = Base.lproj/Main.storyboard; sourceTree = "<group>"; };
		3CFB1EF821C7DE2100D036B8 /* Assets.xcassets */ = {isa = PBXFileReference; lastKnownFileType = folder.assetcatalog; path = Assets.xcassets; sourceTree = "<group>"; };
		3CFB1EFB21C7DE2100D036B8 /* Base */ = {isa = PBXFileReference; lastKnownFileType = file.storyboard; name = Base; path = Base.lproj/LaunchScreen.storyboard; sourceTree = "<group>"; };
		3CFB1EFD21C7DE2100D036B8 /* Info.plist */ = {isa = PBXFileReference; lastKnownFileType = text.plist.xml; path = Info.plist; sourceTree = "<group>"; };
		3CFB1EFE21C7DE2100D036B8 /* main.m */ = {isa = PBXFileReference; lastKnownFileType = sourcecode.c.objc; path = main.m; sourceTree = "<group>"; };
		3CFB1F0421C7DE2100D036B8 /* SQLite数据库操作Tests.xctest */ = {isa = PBXFileReference; explicitFileType = wrapper.cfbundle; includeInIndex = 0; path = "SQLite数据库操作Tests.xctest"; sourceTree = BUILT_PRODUCTS_DIR; };
		3CFB1F0821C7DE2100D036B8 /* SQLite_____Tests.m */ = {isa = PBXFileReference; lastKnownFileType = sourcecode.c.objc; path = "SQLite_____Tests.m"; sourceTree = "<group>"; };
		3CFB1F0A21C7DE2100D036B8 /* Info.plist */ = {isa = PBXFileReference; lastKnownFileType = text.plist.xml; path = Info.plist; sourceTree = "<group>"; };
		3CFB1F0F21C7DE2100D036B8 /* SQLite数据库操作UITests.xctest */ = {isa = PBXFileReference; explicitFileType = wrapper.cfbundle; includeInIndex = 0; path = "SQLite数据库操作UITests.xctest"; sourceTree = BUILT_PRODUCTS_DIR; };
		3CFB1F1321C7DE2100D036B8 /* SQLite_____UITests.m */ = {isa = PBXFileReference; lastKnownFileType = sourcecode.c.objc; path = "SQLite_____UITests.m"; sourceTree = "<group>"; };
		3CFB1F1521C7DE2100D036B8 /* Info.plist */ = {isa = PBXFileReference; lastKnownFileType = text.plist.xml; path = Info.plist; sourceTree = "<group>"; };
		3CFB1F2221C7DE6000D036B8 /* libsqlite3.tbd */ = {isa = PBXFileReference; lastKnownFileType = "sourcecode.text-based-dylib-definition"; name = libsqlite3.tbd; path = usr/lib/libsqlite3.tbd; sourceTree = SDKROOT; };
		3CFB1F2421C7DFF100D036B8 /* DBTools.h */ = {isa = PBXFileReference; lastKnownFileType = sourcecode.c.h; path = DBTools.h; sourceTree = "<group>"; };
		3CFB1F2521C7DFF100D036B8 /* DBTools.m */ = {isa = PBXFileReference; lastKnownFileType = sourcecode.c.objc; path = DBTools.m; sourceTree = "<group>"; };
		3CFB1F2721C7E00B00D036B8 /* Person.h */ = {isa = PBXFileReference; lastKnownFileType = sourcecode.c.h; path = Person.h; sourceTree = "<group>"; };
		3CFB1F2821C7E00B00D036B8 /* Person.m */ = {isa = PBXFileReference; lastKnownFileType = sourcecode.c.objc; path = Person.m; sourceTree = "<group>"; };
/* End PBXFileReference section */

/* Begin PBXFrameworksBuildPhase section */
		3CFB1EE921C7DE2000D036B8 /* Frameworks */ = {
			isa = PBXFrameworksBuildPhase;
			buildActionMask = 2147483647;
			files = (
				3CFB1F2321C7DE6000D036B8 /* libsqlite3.tbd in Frameworks */,
			);
			runOnlyForDeploymentPostprocessing = 0;
		};
		3CFB1F0121C7DE2100D036B8 /* Frameworks */ = {
			isa = PBXFrameworksBuildPhase;
			buildActionMask = 2147483647;
			files = (
			);
			runOnlyForDeploymentPostprocessing = 0;
		};
		3CFB1F0C21C7DE2100D036B8 /* Frameworks */ = {
			isa = PBXFrameworksBuildPhase;
			buildActionMask = 2147483647;
			files = (
			);
			runOnlyForDeploymentPostprocessing = 0;
		};
/* End PBXFrameworksBuildPhase section */

/* Begin PBXGroup section */
		3CFB1EE321C7DE2000D036B8 = {
			isa = PBXGroup;
			children = (
				3CFB1EEE21C7DE2000D036B8 /* SQLite数据库操作 */,
				3CFB1F0721C7DE2100D036B8 /* SQLite数据库操作Tests */,
				3CFB1F1221C7DE2100D036B8 /* SQLite数据库操作UITests */,
				3CFB1EED21C7DE2000D036B8 /* Products */,
				3CFB1F2121C7DE6000D036B8 /* Frameworks */,
			);
			sourceTree = "<group>";
		};
		3CFB1EED21C7DE2000D036B8 /* Products */ = {
			isa = PBXGroup;
			children = (
				3CFB1EEC21C7DE2000D036B8 /* SQLite数据库操作.app */,
				3CFB1F0421C7DE2100D036B8 /* SQLite数据库操作Tests.xctest */,
				3CFB1F0F21C7DE2100D036B8 /* SQLite数据库操作UITests.xctest */,
			);
			name = Products;
			sourceTree = "<group>";
		};
		3CFB1EEE21C7DE2000D036B8 /* SQLite数据库操作 */ = {
			isa = PBXGroup;
			children = (
				3CFB1EEF21C7DE2000D036B8 /* AppDelegate.h */,
				3CFB1EF021C7DE2000D036B8 /* AppDelegate.m */,
				3CFB1EF221C7DE2000D036B8 /* ViewController.h */,
				3CFB1EF321C7DE2000D036B8 /* ViewController.m */,
				3CFB1EF521C7DE2000D036B8 /* Main.storyboard */,
				3CFB1EF821C7DE2100D036B8 /* Assets.xcassets */,
				3CFB1EFA21C7DE2100D036B8 /* LaunchScreen.storyboard */,
				3CFB1EFD21C7DE2100D036B8 /* Info.plist */,
				3CFB1EFE21C7DE2100D036B8 /* main.m */,
				3CFB1F2421C7DFF100D036B8 /* DBTools.h */,
				3CFB1F2521C7DFF100D036B8 /* DBTools.m */,
				3CFB1F2721C7E00B00D036B8 /* Person.h */,
				3CFB1F2821C7E00B00D036B8 /* Person.m */,
			);
			path = "SQLite数据库操作";
			sourceTree = "<group>";
		};
		3CFB1F0721C7DE2100D036B8 /* SQLite数据库操作Tests */ = {
			isa = PBXGroup;
			children = (
				3CFB1F0821C7DE2100D036B8 /* SQLite_____Tests.m */,
				3CFB1F0A21C7DE2100D036B8 /* Info.plist */,
			);
			path = "SQLite数据库操作Tests";
			sourceTree = "<group>";
		};
		3CFB1F1221C7DE2100D036B8 /* SQLite数据库操作UITests */ = {
			isa = PBXGroup;
			children = (
				3CFB1F1321C7DE2100D036B8 /* SQLite_____UITests.m */,
				3CFB1F1521C7DE2100D036B8 /* Info.plist */,
			);
			path = "SQLite数据库操作UITests";
			sourceTree = "<group>";
		};
		3CFB1F2121C7DE6000D036B8 /* Frameworks */ = {
			isa = PBXGroup;
			children = (
				3CFB1F2221C7DE6000D036B8 /* libsqlite3.tbd */,
			);
			name = Frameworks;
			sourceTree = "<group>";
		};
/* End PBXGroup section */

/* Begin PBXNativeTarget section */
		3CFB1EEB21C7DE2000D036B8 /* SQLite数据库操作 */ = {
			isa = PBXNativeTarget;
			buildConfigurationList = 3CFB1F1821C7DE2100D036B8 /* Build configuration list for PBXNativeTarget "SQLite数据库操作" */;
			buildPhases = (
				3CFB1EE821C7DE2000D036B8 /* Sources */,
				3CFB1EE921C7DE2000D036B8 /* Frameworks */,
				3CFB1EEA21C7DE2000D036B8 /* Resources */,
			);
			buildRules = (
			);
			dependencies = (
			);
			name = "SQLite数据库操作";
			productName = "SQLite数据库操作";
			productReference = 3CFB1EEC21C7DE2000D036B8 /* SQLite数据库操作.app */;
			productType = "com.apple.product-type.application";
		};
		3CFB1F0321C7DE2100D036B8 /* SQLite数据库操作Tests */ = {
			isa = PBXNativeTarget;
			buildConfigurationList = 3CFB1F1B21C7DE2100D036B8 /* Build configuration list for PBXNativeTarget "SQLite数据库操作Tests" */;
			buildPhases = (
				3CFB1F0021C7DE2100D036B8 /* Sources */,
				3CFB1F0121C7DE2100D036B8 /* Frameworks */,
				3CFB1F0221C7DE2100D036B8 /* Resources */,
			);
			buildRules = (
			);
			dependencies = (
				3CFB1F0621C7DE2100D036B8 /* PBXTargetDependency */,
			);
			name = "SQLite数据库操作Tests";
			productName = "SQLite数据库操作Tests";
			productReference = 3CFB1F0421C7DE2100D036B8 /* SQLite数据库操作Tests.xctest */;
			productType = "com.apple.product-type.bundle.unit-test";
		};
		3CFB1F0E21C7DE2100D036B8 /* SQLite数据库操作UITests */ = {
			isa = PBXNativeTarget;
			buildConfigurationList = 3CFB1F1E21C7DE2100D036B8 /* Build configuration list for PBXNativeTarget "SQLite数据库操作UITests" */;
			buildPhases = (
				3CFB1F0B21C7DE2100D036B8 /* Sources */,
				3CFB1F0C21C7DE2100D036B8 /* Frameworks */,
				3CFB1F0D21C7DE2100D036B8 /* Resources */,
			);
			buildRules = (
			);
			dependencies = (
				3CFB1F1121C7DE2100D036B8 /* PBXTargetDependency */,
			);
			name = "SQLite数据库操作UITests";
			productName = "SQLite数据库操作UITests";
			productReference = 3CFB1F0F21C7DE2100D036B8 /* SQLite数据库操作UITests.xctest */;
			productType = "com.apple.product-type.bundle.ui-testing";
		};
/* End PBXNativeTarget section */

/* Begin PBXProject section */
		3CFB1EE421C7DE2000D036B8 /* Project object */ = {
			isa = PBXProject;
			attributes = {
				LastUpgradeCheck = 1010;
				ORGANIZATIONNAME = ABC;
				TargetAttributes = {
					3CFB1EEB21C7DE2000D036B8 = {
						CreatedOnToolsVersion = 10.1;
					};
					3CFB1F0321C7DE2100D036B8 = {
						CreatedOnToolsVersion = 10.1;
						TestTargetID = 3CFB1EEB21C7DE2000D036B8;
					};
					3CFB1F0E21C7DE2100D036B8 = {
						CreatedOnToolsVersion = 10.1;
						TestTargetID = 3CFB1EEB21C7DE2000D036B8;
					};
				};
			};
			buildConfigurationList = 3CFB1EE721C7DE2000D036B8 /* Build configuration list for PBXProject "SQLite数据库操作" */;
			compatibilityVersion = "Xcode 9.3";
			developmentRegion = en;
			hasScannedForEncodings = 0;
			knownRegions = (
				en,
				Base,
			);
			mainGroup = 3CFB1EE321C7DE2000D036B8;
			productRefGroup = 3CFB1EED21C7DE2000D036B8 /* Products */;
			projectDirPath = "";
			projectRoot = "";
			targets = (
				3CFB1EEB21C7DE2000D036B8 /* SQLite数据库操作 */,
				3CFB1F0321C7DE2100D036B8 /* SQLite数据库操作Tests */,
				3CFB1F0E21C7DE2100D036B8 /* SQLite数据库操作UITests */,
			);
		};
/* End PBXProject section */

/* Begin PBXResourcesBuildPhase section */
		3CFB1EEA21C7DE2000D036B8 /* Resources */ = {
			isa = PBXResourcesBuildPhase;
			buildActionMask = 2147483647;
			files = (
				3CFB1EFC21C7DE2100D036B8 /* LaunchScreen.storyboard in Resources */,
				3CFB1EF921C7DE2100D036B8 /* Assets.xcassets in Resources */,
				3CFB1EF721C7DE2000D036B8 /* Main.storyboard in Resources */,
			);
			runOnlyForDeploymentPostprocessing = 0;
		};
		3CFB1F0221C7DE2100D036B8 /* Resources */ = {
			isa = PBXResourcesBuildPhase;
			buildActionMask = 2147483647;
			files = (
			);
			runOnlyForDeploymentPostprocessing = 0;
		};
		3CFB1F0D21C7DE2100D036B8 /* Resources */ = {
			isa = PBXResourcesBuildPhase;
			buildActionMask = 2147483647;
			files = (
			);
			runOnlyForDeploymentPostprocessing = 0;
		};
/* End PBXResourcesBuildPhase section */

/* Begin PBXSourcesBuildPhase section */
		3CFB1EE821C7DE2000D036B8 /* Sources */ = {
			isa = PBXSourcesBuildPhase;
			buildActionMask = 2147483647;
			files = (
				3CFB1EF421C7DE2000D036B8 /* ViewController.m in Sources */,
				3CFB1EFF21C7DE2100D036B8 /* main.m in Sources */,
				3CFB1F2921C7E00B00D036B8 /* Person.m in Sources */,
				3CFB1EF121C7DE2000D036B8 /* AppDelegate.m in Sources */,
				3CFB1F2621C7DFF100D036B8 /* DBTools.m in Sources */,
			);
			runOnlyForDeploymentPostprocessing = 0;
		};
		3CFB1F0021C7DE2100D036B8 /* Sources */ = {
			isa = PBXSourcesBuildPhase;
			buildActionMask = 2147483647;
			files = (
				3CFB1F0921C7DE2100D036B8 /* SQLite_____Tests.m in Sources */,
			);
			runOnlyForDeploymentPostprocessing = 0;
		};
		3CFB1F0B21C7DE2100D036B8 /* Sources */ = {
			isa = PBXSourcesBuildPhase;
			buildActionMask = 2147483647;
			files = (
				3CFB1F1421C7DE2100D036B8 /* SQLite_____UITests.m in Sources */,
			);
			runOnlyForDeploymentPostprocessing = 0;
		};
/* End PBXSourcesBuildPhase section */

/* Begin PBXTargetDependency section */
		3CFB1F0621C7DE2100D036B8 /* PBXTargetDependency */ = {
			isa = PBXTargetDependency;
			target = 3CFB1EEB21C7DE2000D036B8 /* SQLite数据库操作 */;
			targetProxy = 3CFB1F0521C7DE2100D036B8 /* PBXContainerItemProxy */;
		};
		3CFB1F1121C7DE2100D036B8 /* PBXTargetDependency */ = {
			isa = PBXTargetDependency;
			target = 3CFB1EEB21C7DE2000D036B8 /* SQLite数据库操作 */;
			targetProxy = 3CFB1F1021C7DE2100D036B8 /* PBXContainerItemProxy */;
		};
/* End PBXTargetDependency section */

/* Begin PBXVariantGroup section */
		3CFB1EF521C7DE2000D036B8 /* Main.storyboard */ = {
			isa = PBXVariantGroup;
			children = (
				3CFB1EF621C7DE2000D036B8 /* Base */,
			);
			name = Main.storyboard;
			sourceTree = "<group>";
		};
		3CFB1EFA21C7DE2100D036B8 /* LaunchScreen.storyboard */ = {
			isa = PBXVariantGroup;
			children = (
				3CFB1EFB21C7DE2100D036B8 /* Base */,
			);
			name = LaunchScreen.storyboard;
			sourceTree = "<group>";
		};
/* End PBXVariantGroup section */

/* Begin XCBuildConfiguration section */
		3CFB1F1621C7DE2100D036B8 /* Debug */ = {
			isa = XCBuildConfiguration;
			buildSettings = {
				ALWAYS_SEARCH_USER_PATHS = NO;
				CLANG_ANALYZER_NONNULL = YES;
				CLANG_ANALYZER_NUMBER_OBJECT_CONVERSION = YES_AGGRESSIVE;
				CLANG_CXX_LANGUAGE_STANDARD = "gnu++14";
				CLANG_CXX_LIBRARY = "libc++";
				CLANG_ENABLE_MODULES = YES;
				CLANG_ENABLE_OBJC_ARC = YES;
				CLANG_ENABLE_OBJC_WEAK = YES;
				CLANG_WARN_BLOCK_CAPTURE_AUTORELEASING = YES;
				CLANG_WARN_BOOL_CONVERSION = YES;
				CLANG_WARN_COMMA = YES;
				CLANG_WARN_CONSTANT_CONVERSION = YES;
				CLANG_WARN_DEPRECATED_OBJC_IMPLEMENTATIONS = YES;
				CLANG_WARN_DIRECT_OBJC_ISA_USAGE = YES_ERROR;
				CLANG_WARN_DOCUMENTATION_COMMENTS = YES;
				CLANG_WARN_EMPTY_BODY = YES;
				CLANG_WARN_ENUM_CONVERSION = YES;
				CLANG_WARN_INFINITE_RECURSION = YES;
				CLANG_WARN_INT_CONVERSION = YES;
				CLANG_WARN_NON_LITERAL_NULL_CONVERSION = YES;
				CLANG_WARN_OBJC_IMPLICIT_RETAIN_SELF = YES;
				CLANG_WARN_OBJC_LITERAL_CONVERSION = YES;
				CLANG_WARN_OBJC_ROOT_CLASS = YES_ERROR;
				CLANG_WARN_RANGE_LOOP_ANALYSIS = YES;
				CLANG_WARN_STRICT_PROTOTYPES = YES;
				CLANG_WARN_SUSPICIOUS_MOVE = YES;
				CLANG_WARN_UNGUARDED_AVAILABILITY = YES_AGGRESSIVE;
				CLANG_WARN_UNREACHABLE_CODE = YES;
				CLANG_WARN__DUPLICATE_METHOD_MATCH = YES;
				CODE_SIGN_IDENTITY = "iPhone Developer";
				COPY_PHASE_STRIP = NO;
				DEBUG_INFORMATION_FORMAT = dwarf;
				ENABLE_STRICT_OBJC_MSGSEND = YES;
				ENABLE_TESTABILITY = YES;
				GCC_C_LANGUAGE_STANDARD = gnu11;
				GCC_DYNAMIC_NO_PIC = NO;
				GCC_NO_COMMON_BLOCKS = YES;
				GCC_OPTIMIZATION_LEVEL = 0;
				GCC_PREPROCESSOR_DEFINITIONS = (
					"DEBUG=1",
					"$(inherited)",
				);
				GCC_WARN_64_TO_32_BIT_CONVERSION = YES;
				GCC_WARN_ABOUT_RETURN_TYPE = YES_ERROR;
				GCC_WARN_UNDECLARED_SELECTOR = YES;
				GCC_WARN_UNINITIALIZED_AUTOS = YES_AGGRESSIVE;
				GCC_WARN_UNUSED_FUNCTION = YES;
				GCC_WARN_UNUSED_VARIABLE = YES;
				IPHONEOS_DEPLOYMENT_TARGET = 12.1;
				MTL_ENABLE_DEBUG_INFO = INCLUDE_SOURCE;
				MTL_FAST_MATH = YES;
				ONLY_ACTIVE_ARCH = YES;
				SDKROOT = iphoneos;
			};
			name = Debug;
		};
		3CFB1F1721C7DE2100D036B8 /* Release */ = {
			isa = XCBuildConfiguration;
			buildSettings = {
				ALWAYS_SEARCH_USER_PATHS = NO;
				CLANG_ANALYZER_NONNULL = YES;
				CLANG_ANALYZER_NUMBER_OBJECT_CONVERSION = YES_AGGRESSIVE;
				CLANG_CXX_LANGUAGE_STANDARD = "gnu++14";
				CLANG_CXX_LIBRARY = "libc++";
				CLANG_ENABLE_MODULES = YES;
				CLANG_ENABLE_OBJC_ARC = YES;
				CLANG_ENABLE_OBJC_WEAK = YES;
				CLANG_WARN_BLOCK_CAPTURE_AUTORELEASING = YES;
				CLANG_WARN_BOOL_CONVERSION = YES;
				CLANG_WARN_COMMA = YES;
				CLANG_WARN_CONSTANT_CONVERSION = YES;
				CLANG_WARN_DEPRECATED_OBJC_IMPLEMENTATIONS = YES;
				CLANG_WARN_DIRECT_OBJC_ISA_USAGE = YES_ERROR;
				CLANG_WARN_DOCUMENTATION_COMMENTS = YES;
				CLANG_WARN_EMPTY_BODY = YES;
				CLANG_WARN_ENUM_CONVERSION = YES;
				CLANG_WARN_INFINITE_RECURSION = YES;
				CLANG_WARN_INT_CONVERSION = YES;
				CLANG_WARN_NON_LITERAL_NULL_CONVERSION = YES;
				CLANG_WARN_OBJC_IMPLICIT_RETAIN_SELF = YES;
				CLANG_WARN_OBJC_LITERAL_CONVERSION = YES;
				CLANG_WARN_OBJC_ROOT_CLASS = YES_ERROR;
				CLANG_WARN_RANGE_LOOP_ANALYSIS = YES;
				CLANG_WARN_STRICT_PROTOTYPES = YES;
				CLANG_WARN_SUSPICIOUS_MOVE = YES;
				CLANG_WARN_UNGUARDED_AVAILABILITY = YES_AGGRESSIVE;
				CLANG_WARN_UNREACHABLE_CODE = YES;
				CLANG_WARN__DUPLICATE_METHOD_MATCH = YES;
				CODE_SIGN_IDENTITY = "iPhone Developer";
				COPY_PHASE_STRIP = NO;
				DEBUG_INFORMATION_FORMAT = "dwarf-with-dsym";
				ENABLE_NS_ASSERTIONS = NO;
				ENABLE_STRICT_OBJC_MSGSEND = YES;
				GCC_C_LANGUAGE_STANDARD = gnu11;
				GCC_NO_COMMON_BLOCKS = YES;
				GCC_WARN_64_TO_32_BIT_CONVERSION = YES;
				GCC_WARN_ABOUT_RETURN_TYPE = YES_ERROR;
				GCC_WARN_UNDECLARED_SELECTOR = YES;
				GCC_WARN_UNINITIALIZED_AUTOS = YES_AGGRESSIVE;
				GCC_WARN_UNUSED_FUNCTION = YES;
				GCC_WARN_UNUSED_VARIABLE = YES;
				IPHONEOS_DEPLOYMENT_TARGET = 12.1;
				MTL_ENABLE_DEBUG_INFO = NO;
				MTL_FAST_MATH = YES;
				SDKROOT = iphoneos;
				VALIDATE_PRODUCT = YES;
			};
			name = Release;
		};
		3CFB1F1921C7DE2100D036B8 /* Debug */ = {
			isa = XCBuildConfiguration;
			buildSettings = {
				ASSETCATALOG_COMPILER_APPICON_NAME = AppIcon;
				CODE_SIGN_STYLE = Automatic;
				INFOPLIST_FILE = "SQLite数据库操作/Info.plist";
				LD_RUNPATH_SEARCH_PATHS = (
					"$(inherited)",
					"@executable_path/Frameworks",
				);
				PRODUCT_BUNDLE_IDENTIFIER = "cn.edu.abc.SQLite-----";
				PRODUCT_NAME = "$(TARGET_NAME)";
				TARGETED_DEVICE_FAMILY = "1,2";
			};
			name = Debug;
		};
		3CFB1F1A21C7DE2100D036B8 /* Release */ = {
			isa = XCBuildConfiguration;
			buildSettings = {
				ASSETCATALOG_COMPILER_APPICON_NAME = AppIcon;
				CODE_SIGN_STYLE = Automatic;
				INFOPLIST_FILE = "SQLite数据库操作/Info.plist";
				LD_RUNPATH_SEARCH_PATHS = (
					"$(inherited)",
					"@executable_path/Frameworks",
				);
				PRODUCT_BUNDLE_IDENTIFIER = "cn.edu.abc.SQLite-----";
				PRODUCT_NAME = "$(TARGET_NAME)";
				TARGETED_DEVICE_FAMILY = "1,2";
			};
			name = Release;
		};
		3CFB1F1C21C7DE2100D036B8 /* Debug */ = {
			isa = XCBuildConfiguration;
			buildSettings = {
				BUNDLE_LOADER = "$(TEST_HOST)";
				CODE_SIGN_STYLE = Automatic;
				INFOPLIST_FILE = "SQLite数据库操作Tests/Info.plist";
				LD_RUNPATH_SEARCH_PATHS = (
					"$(inherited)",
					"@executable_path/Frameworks",
					"@loader_path/Frameworks",
				);
				PRODUCT_BUNDLE_IDENTIFIER = "cn.edu.abc.SQLite-----Tests";
				PRODUCT_NAME = "$(TARGET_NAME)";
				TARGETED_DEVICE_FAMILY = "1,2";
				TEST_HOST = "$(BUILT_PRODUCTS_DIR)/SQLite数据库操作.app/SQLite数据库操作";
			};
			name = Debug;
		};
		3CFB1F1D21C7DE2100D036B8 /* Release */ = {
			isa = XCBuildConfiguration;
			buildSettings = {
				BUNDLE_LOADER = "$(TEST_HOST)";
				CODE_SIGN_STYLE = Automatic;
				INFOPLIST_FILE = "SQLite数据库操作Tests/Info.plist";
				LD_RUNPATH_SEARCH_PATHS = (
					"$(inherited)",
					"@executable_path/Frameworks",
					"@loader_path/Frameworks",
				);
				PRODUCT_BUNDLE_IDENTIFIER = "cn.edu.abc.SQLite-----Tests";
				PRODUCT_NAME = "$(TARGET_NAME)";
				TARGETED_DEVICE_FAMILY = "1,2";
				TEST_HOST = "$(BUILT_PRODUCTS_DIR)/SQLite数据库操作.app/SQLite数据库操作";
			};
			name = Release;
		};
		3CFB1F1F21C7DE2100D036B8 /* Debug */ = {
			isa = XCBuildConfiguration;
			buildSettings = {
				CODE_SIGN_STYLE = Automatic;
				INFOPLIST_FILE = "SQLite数据库操作UITests/Info.plist";
				LD_RUNPATH_SEARCH_PATHS = (
					"$(inherited)",
					"@executable_path/Frameworks",
					"@loader_path/Frameworks",
				);
				PRODUCT_BUNDLE_IDENTIFIER = "cn.edu.abc.SQLite-----UITests";
				PRODUCT_NAME = "$(TARGET_NAME)";
				TARGETED_DEVICE_FAMILY = "1,2";
				TEST_TARGET_NAME = "SQLite数据库操作";
			};
			name = Debug;
		};
		3CFB1F2021C7DE2100D036B8 /* Release */ = {
			isa = XCBuildConfiguration;
			buildSettings = {
				CODE_SIGN_STYLE = Automatic;
				INFOPLIST_FILE = "SQLite数据库操作UITests/Info.plist";
				LD_RUNPATH_SEARCH_PATHS = (
					"$(inherited)",
					"@executable_path/Frameworks",
					"@loader_path/Frameworks",
				);
				PRODUCT_BUNDLE_IDENTIFIER = "cn.edu.abc.SQLite-----UITests";
				PRODUCT_NAME = "$(TARGET_NAME)";
				TARGETED_DEVICE_FAMILY = "1,2";
				TEST_TARGET_NAME = "SQLite数据库操作";
			};
			name = Release;
		};
/* End XCBuildConfiguration section */

/* Begin XCConfigurationList section */
		3CFB1EE721C7DE2000D036B8 /* Build configuration list for PBXProject "SQLite数据库操作" */ = {
			isa = XCConfigurationList;
			buildConfigurations = (
				3CFB1F1621C7DE2100D036B8 /* Debug */,
				3CFB1F1721C7DE2100D036B8 /* Release */,
			);
			defaultConfigurationIsVisible = 0;
			defaultConfigurationName = Release;
		};
		3CFB1F1821C7DE2100D036B8 /* Build configuration list for PBXNativeTarget "SQLite数据库操作" */ = {
			isa = XCConfigurationList;
			buildConfigurations = (
				3CFB1F1921C7DE2100D036B8 /* Debug */,
				3CFB1F1A21C7DE2100D036B8 /* Release */,
			);
			defaultConfigurationIsVisible = 0;
			defaultConfigurationName = Release;
		};
		3CFB1F1B21C7DE2100D036B8 /* Build configuration list for PBXNativeTarget "SQLite数据库操作Tests" */ = {
			isa = XCConfigurationList;
			buildConfigurations = (
				3CFB1F1C21C7DE2100D036B8 /* Debug */,
				3CFB1F1D21C7DE2100D036B8 /* Release */,
			);
			defaultConfigurationIsVisible = 0;
			defaultConfigurationName = Release;
		};
		3CFB1F1E21C7DE2100D036B8 /* Build configuration list for PBXNativeTarget "SQLite数据库操作UITests" */ = {
			isa = XCConfigurationList;
			buildConfigurations = (
				3CFB1F1F21C7DE2100D036B8 /* Debug */,
				3CFB1F2021C7DE2100D036B8 /* Release */,
			);
			defaultConfigurationIsVisible = 0;
			defaultConfigurationName = Release;
		};
/* End XCConfigurationList section */
	};
	rootObject = 3CFB1EE421C7DE2000D036B8 /* Project object */;
}
